
Microsoft Visual Studio Solution File, Format Version 11.00
# Visual Studio 2010
Project("{FAE04EC0-301F-11D3-BF4B-00C04F79EFBC}") = "ThoughtWorksCoreLib", "ThoughtWorksCoreLib\ThoughtWorksCoreLib.csproj", "{CCAB46BA-7559-4630-845C-8BFA38AEC2F0}"
EndProject
Project("{FAE04EC0-301F-11D3-BF4B-00C04F79EFBC}") = "ThoughtWorksMingleLib", "ThoughtWorksMingleLib\ThoughtWorksMingleLib.csproj", "{85CFE559-DFB3-4CC0-BBA3-4E5B5A9634B5}"
EndProject
Project("{B373B46A-B089-44D7-96CA-CD150D098BC8}") = "spec", "spec\spec.rbproj", "{0F95F348-C913-4AFA-90E9-0BB982DD3BA1}"
EndProject
Project("{2150E333-8FDC-42A3-9474-1A3956D46DE8}") = "Solution Items", "Solution Items", "{87997511-32A2-423D-81DC-AD462D091794}"
	ProjectSection(SolutionItems) = preProject
		build.bat = build.bat
		buildvars.bat = buildvars.bat
		documentation.shfbproj = documentation.shfbproj
		Gemfile = Gemfile
		Gemfile.lock = Gemfile.lock
		License.rtf = License.rtf
		Local.testsettings = Local.testsettings
		README.html = README.html
		README.textile = README.textile
		StudiosApi.vsmdi = StudiosApi.vsmdi
		TraceAndTestImpact.testsettings = TraceAndTestImpact.testsettings
	EndProjectSection
EndProject
Project("{FAE04EC0-301F-11D3-BF4B-00C04F79EFBC}") = "ThoughtWorksGoLib", "ThoughtWorksGoLib\ThoughtWorksGoLib.csproj", "{9907157A-DDC3-49E9-B01B-4889723FAEF7}"
EndProject
Project("{FAE04EC0-301F-11D3-BF4B-00C04F79EFBC}") = "Tests", "Tests\Tests.csproj", "{F2BB97DF-D976-4CBD-8725-C6A13A8C9E85}"
EndProject
Project("{54435603-DBB4-11D2-8724-00A0C9A8B90C}") = "ApiSetup", "ApiSetup\ApiSetup.vdproj", "{6045B192-C7C2-4469-BB77-2312A54112EE}"
EndProject
Global
	GlobalSection(TeamFoundationVersionControl) = preSolution
		SccNumberOfProjects = 7
		SccEnterpriseProvider = {4CA58AB2-18FA-4F8D-95D4-32DDF27D184C}
		SccTeamFoundationServer = http://twstfs:8080/tfs/solutions
		SccLocalPath0 = .
		SccProjectUniqueName1 = ThoughtWorksCoreLib\\ThoughtWorksCoreLib.csproj
		SccProjectName1 = ../VSConnector/ThoughtWorksCoreLib
		SccLocalPath1 = ThoughtWorksCoreLib
		SccProjectUniqueName2 = ThoughtWorksMingleLib\\ThoughtWorksMingleLib.csproj
		SccProjectName2 = ../VSConnector/ThoughtWorksMingleLib
		SccLocalPath2 = ThoughtWorksMingleLib
		SccProjectUniqueName3 = spec\\spec.rbproj
		SccProjectName3 = spec
		SccLocalPath3 = spec
		SccProjectUniqueName4 = ThoughtWorksGoLib\\ThoughtWorksGoLib.csproj
		SccProjectName4 = ThoughtWorksGoLib
		SccLocalPath4 = ThoughtWorksGoLib
		SccProjectUniqueName5 = Tests\\Tests.csproj
		SccProjectName5 = Tests
		SccLocalPath5 = Tests
		SccProjectUniqueName6 = ApiSetup\\ApiSetup.vdproj
		SccProjectName6 = ApiSetup
		SccLocalPath6 = ApiSetup
	EndGlobalSection
	GlobalSection(TestCaseManagementSettings) = postSolution
		CategoryFile = StudiosApi.vsmdi
	EndGlobalSection
	GlobalSection(SolutionConfigurationPlatforms) = preSolution
		CD_ROM|Any CPU = CD_ROM|Any CPU
		Debug|Any CPU = Debug|Any CPU
		DVD-5|Any CPU = DVD-5|Any CPU
		Release|Any CPU = Release|Any CPU
		SingleImage|Any CPU = SingleImage|Any CPU
	EndGlobalSection
	GlobalSection(ProjectConfigurationPlatforms) = postSolution
		{CCAB46BA-7559-4630-845C-8BFA38AEC2F0}.CD_ROM|Any CPU.ActiveCfg = Release|Any CPU
		{CCAB46BA-7559-4630-845C-8BFA38AEC2F0}.CD_ROM|Any CPU.Build.0 = Release|Any CPU
		{CCAB46BA-7559-4630-845C-8BFA38AEC2F0}.Debug|Any CPU.ActiveCfg = Debug|Any CPU
		{CCAB46BA-7559-4630-845C-8BFA38AEC2F0}.Debug|Any CPU.Build.0 = Debug|Any CPU
		{CCAB46BA-7559-4630-845C-8BFA38AEC2F0}.DVD-5|Any CPU.ActiveCfg = Debug|Any CPU
		{CCAB46BA-7559-4630-845C-8BFA38AEC2F0}.DVD-5|Any CPU.Build.0 = Debug|Any CPU
		{CCAB46BA-7559-4630-845C-8BFA38AEC2F0}.Release|Any CPU.ActiveCfg = Release|Any CPU
		{CCAB46BA-7559-4630-845C-8BFA38AEC2F0}.Release|Any CPU.Build.0 = Release|Any CPU
		{CCAB46BA-7559-4630-845C-8BFA38AEC2F0}.SingleImage|Any CPU.ActiveCfg = Release|Any CPU
		{CCAB46BA-7559-4630-845C-8BFA38AEC2F0}.SingleImage|Any CPU.Build.0 = Release|Any CPU
		{85CFE559-DFB3-4CC0-BBA3-4E5B5A9634B5}.CD_ROM|Any CPU.ActiveCfg = Release|Any CPU
		{85CFE559-DFB3-4CC0-BBA3-4E5B5A9634B5}.CD_ROM|Any CPU.Build.0 = Release|Any CPU
		{85CFE559-DFB3-4CC0-BBA3-4E5B5A9634B5}.Debug|Any CPU.ActiveCfg = Debug|Any CPU
		{85CFE559-DFB3-4CC0-BBA3-4E5B5A9634B5}.Debug|Any CPU.Build.0 = Debug|Any CPU
		{85CFE559-DFB3-4CC0-BBA3-4E5B5A9634B5}.DVD-5|Any CPU.ActiveCfg = Debug|Any CPU
		{85CFE559-DFB3-4CC0-BBA3-4E5B5A9634B5}.DVD-5|Any CPU.Build.0 = Debug|Any CPU
		{85CFE559-DFB3-4CC0-BBA3-4E5B5A9634B5}.Release|Any CPU.ActiveCfg = Release|Any CPU
		{85CFE559-DFB3-4CC0-BBA3-4E5B5A9634B5}.Release|Any CPU.Build.0 = Release|Any CPU
		{85CFE559-DFB3-4CC0-BBA3-4E5B5A9634B5}.SingleImage|Any CPU.ActiveCfg = Release|Any CPU
		{85CFE559-DFB3-4CC0-BBA3-4E5B5A9634B5}.SingleImage|Any CPU.Build.0 = Release|Any CPU
		{0F95F348-C913-4AFA-90E9-0BB982DD3BA1}.CD_ROM|Any CPU.ActiveCfg = Release|Any CPU
		{0F95F348-C913-4AFA-90E9-0BB982DD3BA1}.CD_ROM|Any CPU.Build.0 = Release|Any CPU
		{0F95F348-C913-4AFA-90E9-0BB982DD3BA1}.Debug|Any CPU.ActiveCfg = Debug|Any CPU
		{0F95F348-C913-4AFA-90E9-0BB982DD3BA1}.DVD-5|Any CPU.ActiveCfg = Debug|Any CPU
		{0F95F348-C913-4AFA-90E9-0BB982DD3BA1}.DVD-5|Any CPU.Build.0 = Debug|Any CPU
		{0F95F348-C913-4AFA-90E9-0BB982DD3BA1}.Release|Any CPU.ActiveCfg = Release|Any CPU
		{0F95F348-C913-4AFA-90E9-0BB982DD3BA1}.SingleImage|Any CPU.ActiveCfg = Release|Any CPU
		{0F95F348-C913-4AFA-90E9-0BB982DD3BA1}.SingleImage|Any CPU.Build.0 = Release|Any CPU
		{9907157A-DDC3-49E9-B01B-4889723FAEF7}.CD_ROM|Any CPU.ActiveCfg = Release|Any CPU
		{9907157A-DDC3-49E9-B01B-4889723FAEF7}.CD_ROM|Any CPU.Build.0 = Release|Any CPU
		{9907157A-DDC3-49E9-B01B-4889723FAEF7}.Debug|Any CPU.ActiveCfg = Debug|Any CPU
		{9907157A-DDC3-49E9-B01B-4889723FAEF7}.Debug|Any CPU.Build.0 = Debug|Any CPU
		{9907157A-DDC3-49E9-B01B-4889723FAEF7}.DVD-5|Any CPU.ActiveCfg = Debug|Any CPU
		{9907157A-DDC3-49E9-B01B-4889723FAEF7}.DVD-5|Any CPU.Build.0 = Debug|Any CPU
		{9907157A-DDC3-49E9-B01B-4889723FAEF7}.Release|Any CPU.ActiveCfg = Release|Any CPU
		{9907157A-DDC3-49E9-B01B-4889723FAEF7}.Release|Any CPU.Build.0 = Release|Any CPU
		{9907157A-DDC3-49E9-B01B-4889723FAEF7}.SingleImage|Any CPU.ActiveCfg = Release|Any CPU
		{9907157A-DDC3-49E9-B01B-4889723FAEF7}.SingleImage|Any CPU.Build.0 = Release|Any CPU
		{F2BB97DF-D976-4CBD-8725-C6A13A8C9E85}.CD_ROM|Any CPU.ActiveCfg = Release|Any CPU
		{F2BB97DF-D976-4CBD-8725-C6A13A8C9E85}.CD_ROM|Any CPU.Build.0 = Release|Any CPU
		{F2BB97DF-D976-4CBD-8725-C6A13A8C9E85}.Debug|Any CPU.ActiveCfg = Debug|Any CPU
		{F2BB97DF-D976-4CBD-8725-C6A13A8C9E85}.Debug|Any CPU.Build.0 = Debug|Any CPU
		{F2BB97DF-D976-4CBD-8725-C6A13A8C9E85}.DVD-5|Any CPU.ActiveCfg = Debug|Any CPU
		{F2BB97DF-D976-4CBD-8725-C6A13A8C9E85}.DVD-5|Any CPU.Build.0 = Debug|Any CPU
		{F2BB97DF-D976-4CBD-8725-C6A13A8C9E85}.Release|Any CPU.ActiveCfg = Release|Any CPU
		{F2BB97DF-D976-4CBD-8725-C6A13A8C9E85}.Release|Any CPU.Build.0 = Release|Any CPU
		{F2BB97DF-D976-4CBD-8725-C6A13A8C9E85}.SingleImage|Any CPU.ActiveCfg = Release|Any CPU
		{F2BB97DF-D976-4CBD-8725-C6A13A8C9E85}.SingleImage|Any CPU.Build.0 = Release|Any CPU
		{6045B192-C7C2-4469-BB77-2312A54112EE}.CD_ROM|Any CPU.ActiveCfg = Release
		{6045B192-C7C2-4469-BB77-2312A54112EE}.Debug|Any CPU.ActiveCfg = Debug
		{6045B192-C7C2-4469-BB77-2312A54112EE}.DVD-5|Any CPU.ActiveCfg = Debug
		{6045B192-C7C2-4469-BB77-2312A54112EE}.Release|Any CPU.ActiveCfg = Release
		{6045B192-C7C2-4469-BB77-2312A54112EE}.Release|Any CPU.Build.0 = Release
		{6045B192-C7C2-4469-BB77-2312A54112EE}.SingleImage|Any CPU.ActiveCfg = Release
	EndGlobalSection
	GlobalSection(SolutionProperties) = preSolution
		HideSolutionNode = FALSE
	EndGlobalSection
EndGlobal
